
Microsoft Visual Studio Solution File, Format Version 12.00
# Visual Studio Version 17
VisualStudioVersion = 17.13.35828.75 d17.13
MinimumVisualStudioVersion = 10.0.40219.1
Project("{FAE04EC0-301F-11D3-BF4B-00C04F79EFBC}") = "WindowsFormsApp1", "WindowsFormsApp1\WindowsFormsApp1.csproj", "{AD94BF46-61D8-44DE-808E-297F9D0F4E55}"
EndProject
Global
	GlobalSection(SolutionConfigurationPlatforms) = preSolution
		Debug|Any CPU = Debug|Any CPU
		Release|Any CPU = Release|Any CPU
	EndGlobalSection
	GlobalSection(ProjectConfigurationPlatforms) = postSolution
		{AD94BF46-61D8-44DE-808E-297F9D0F4E55}.Debug|Any CPU.ActiveCfg = Debug|Any CPU
		{AD94BF46-61D8-44DE-808E-297F9D0F4E55}.Debug|Any CPU.Build.0 = Debug|Any CPU
		{AD94BF46-61D8-44DE-808E-297F9D0F4E55}.Release|Any CPU.ActiveCfg = Release|Any CPU
		{AD94BF46-61D8-44DE-808E-297F9D0F4E55}.Release|Any CPU.Build.0 = Release|Any CPU
	EndGlobalSection
	GlobalSection(SolutionProperties) = preSolution
		HideSolutionNode = FALSE
	EndGlobalSection
	GlobalSection(ExtensibilityGlobals) = postSolution
		SolutionGuid = {325CAB67-2213-4C6B-94E0-AC5C6C8F9227}
	EndGlobalSection
EndGlobal
