
Microsoft Visual Studio Solution File, Format Version 12.00
# Visual Studio Version 17
VisualStudioVersion = 17.9.34728.123
MinimumVisualStudioVersion = 10.0.40219.1
Project("{FAE04EC0-301F-11D3-BF4B-00C04F79EFBC}") = "Lab2", "Lab2\Lab2.csproj", "{32B10A15-AB1E-4BFE-8B74-295AF31168C4}"
EndProject
Global
	GlobalSection(SolutionConfigurationPlatforms) = preSolution
		Debug|Any CPU = Debug|Any CPU
		Release|Any CPU = Release|Any CPU
	EndGlobalSection
	GlobalSection(ProjectConfigurationPlatforms) = postSolution
		{32B10A15-AB1E-4BFE-8B74-295AF31168C4}.Debug|Any CPU.ActiveCfg = Debug|Any CPU
		{32B10A15-AB1E-4BFE-8B74-295AF31168C4}.Debug|Any CPU.Build.0 = Debug|Any CPU
		{32B10A15-AB1E-4BFE-8B74-295AF31168C4}.Release|Any CPU.ActiveCfg = Release|Any CPU
		{32B10A15-AB1E-4BFE-8B74-295AF31168C4}.Release|Any CPU.Build.0 = Release|Any CPU
	EndGlobalSection
	GlobalSection(SolutionProperties) = preSolution
		HideSolutionNode = FALSE
	EndGlobalSection
	GlobalSection(ExtensibilityGlobals) = postSolution
		SolutionGuid = {01F501D3-0DB1-4FE3-B355-DD88F4CABC31}
	EndGlobalSection
EndGlobal
